
Microsoft Visual Studio Solution File, Format Version 12.00
# Visual Studio Version 17
VisualStudioVersion = 17.7.34031.279
MinimumVisualStudioVersion = 10.0.40219.1
Project("{FAE04EC0-301F-11D3-BF4B-00C04F79EFBC}") = "HRMAPP", "HRMSolution_2\HRMAPP.csproj", "{BD420A10-5C1E-4541-A09D-E69A9AC9A7FE}"
EndProject
Project("{FAE04EC0-301F-11D3-BF4B-00C04F79EFBC}") = "HRMDAO", "HRMDAO\HRMDAO.csproj", "{0E8B1F9E-DF00-4114-A67C-3FE32B69B1F8}"
EndProject
Project("{FAE04EC0-301F-11D3-BF4B-00C04F79EFBC}") = "HRMRepository", "HRMRepository\HRMRepository.csproj", "{2064839A-72A3-4B5E-A03F-ED4406A6A985}"
EndProject
Project("{FAE04EC0-301F-11D3-BF4B-00C04F79EFBC}") = "BusinessObjects", "BusinessObjects\BusinessObjects.csproj", "{45A8966C-0B46-4FD6-85CE-84DC0E385B97}"
EndProject
Project("{FAE04EC0-301F-11D3-BF4B-00C04F79EFBC}") = "HRMService", "HRMService\HRMService.csproj", "{685C6FE9-69A8-49BB-A014-D3B385115AD2}"
EndProject
Global
	GlobalSection(SolutionConfigurationPlatforms) = preSolution
		Debug|Any CPU = Debug|Any CPU
		Release|Any CPU = Release|Any CPU
	EndGlobalSection
	GlobalSection(ProjectConfigurationPlatforms) = postSolution
		{BD420A10-5C1E-4541-A09D-E69A9AC9A7FE}.Debug|Any CPU.ActiveCfg = Debug|Any CPU
		{BD420A10-5C1E-4541-A09D-E69A9AC9A7FE}.Debug|Any CPU.Build.0 = Debug|Any CPU
		{BD420A10-5C1E-4541-A09D-E69A9AC9A7FE}.Release|Any CPU.ActiveCfg = Release|Any CPU
		{BD420A10-5C1E-4541-A09D-E69A9AC9A7FE}.Release|Any CPU.Build.0 = Release|Any CPU
		{0E8B1F9E-DF00-4114-A67C-3FE32B69B1F8}.Debug|Any CPU.ActiveCfg = Debug|Any CPU
		{0E8B1F9E-DF00-4114-A67C-3FE32B69B1F8}.Debug|Any CPU.Build.0 = Debug|Any CPU
		{0E8B1F9E-DF00-4114-A67C-3FE32B69B1F8}.Release|Any CPU.ActiveCfg = Release|Any CPU
		{0E8B1F9E-DF00-4114-A67C-3FE32B69B1F8}.Release|Any CPU.Build.0 = Release|Any CPU
		{2064839A-72A3-4B5E-A03F-ED4406A6A985}.Debug|Any CPU.ActiveCfg = Debug|Any CPU
		{2064839A-72A3-4B5E-A03F-ED4406A6A985}.Debug|Any CPU.Build.0 = Debug|Any CPU
		{2064839A-72A3-4B5E-A03F-ED4406A6A985}.Release|Any CPU.ActiveCfg = Release|Any CPU
		{2064839A-72A3-4B5E-A03F-ED4406A6A985}.Release|Any CPU.Build.0 = Release|Any CPU
		{45A8966C-0B46-4FD6-85CE-84DC0E385B97}.Debug|Any CPU.ActiveCfg = Debug|Any CPU
		{45A8966C-0B46-4FD6-85CE-84DC0E385B97}.Debug|Any CPU.Build.0 = Debug|Any CPU
		{45A8966C-0B46-4FD6-85CE-84DC0E385B97}.Release|Any CPU.ActiveCfg = Release|Any CPU
		{45A8966C-0B46-4FD6-85CE-84DC0E385B97}.Release|Any CPU.Build.0 = Release|Any CPU
		{685C6FE9-69A8-49BB-A014-D3B385115AD2}.Debug|Any CPU.ActiveCfg = Debug|Any CPU
		{685C6FE9-69A8-49BB-A014-D3B385115AD2}.Debug|Any CPU.Build.0 = Debug|Any CPU
		{685C6FE9-69A8-49BB-A014-D3B385115AD2}.Release|Any CPU.ActiveCfg = Release|Any CPU
		{685C6FE9-69A8-49BB-A014-D3B385115AD2}.Release|Any CPU.Build.0 = Release|Any CPU
	EndGlobalSection
	GlobalSection(SolutionProperties) = preSolution
		HideSolutionNode = FALSE
	EndGlobalSection
	GlobalSection(ExtensibilityGlobals) = postSolution
		SolutionGuid = {4A32AF09-D10F-49AB-A8AA-1B35089FFBFB}
	EndGlobalSection
EndGlobal
